
Microsoft Visual Studio Solution File, Format Version 12.00
Project("{FAE04EC0-301F-11D3-BF4B-00C04F79EFBC}") = "Domain", "Domain\Domain.csproj", "{3404A350-4515-4E23-9F87-A4F953182B76}"
EndProject
Project("{FAE04EC0-301F-11D3-BF4B-00C04F79EFBC}") = "Application", "Application\Application.csproj", "{E663FB8C-2B90-48E3-9618-B660A7AB3687}"
EndProject
Project("{FAE04EC0-301F-11D3-BF4B-00C04F79EFBC}") = "Infrastructure", "Infrastructure\Infrastructure.csproj", "{110E600C-2CAA-4FF3-9E71-F3B721513765}"
EndProject
Project("{FAE04EC0-301F-11D3-BF4B-00C04F79EFBC}") = "Presentation", "Presentation\Presentation.csproj", "{2836EB40-FD72-432D-A844-E0FA8F0018A3}"
EndProject
Project("{FAE04EC0-301F-11D3-BF4B-00C04F79EFBC}") = "Application.UnitTests", "Application.UnitTests\Application.UnitTests.csproj", "{A0FF532E-EBAA-4019-B9DC-5325F8B9732B}"
EndProject
Project("{2150E333-8FDC-42A3-9474-1A3956D46DE8}") = "root", "root", "{BEC99308-CE82-4F54-A69E-42376195B6FA}"
EndProject
Project("{2150E333-8FDC-42A3-9474-1A3956D46DE8}") = "tests", "tests", "{A8470E3B-CB05-4B65-9AD8-02C8D51AD34F}"
EndProject
Project("{2150E333-8FDC-42A3-9474-1A3956D46DE8}") = "compose", "compose", "{3AE25219-E713-4DD0-BFB1-186E58C79BD2}"
	ProjectSection(SolutionItems) = preProject
		docker-compose.yml = docker-compose.yml
	EndProjectSection
EndProject
Global
	GlobalSection(SolutionConfigurationPlatforms) = preSolution
		Debug|Any CPU = Debug|Any CPU
		Release|Any CPU = Release|Any CPU
	EndGlobalSection
	GlobalSection(ProjectConfigurationPlatforms) = postSolution
		{3404A350-4515-4E23-9F87-A4F953182B76}.Debug|Any CPU.ActiveCfg = Debug|Any CPU
		{3404A350-4515-4E23-9F87-A4F953182B76}.Debug|Any CPU.Build.0 = Debug|Any CPU
		{3404A350-4515-4E23-9F87-A4F953182B76}.Release|Any CPU.ActiveCfg = Release|Any CPU
		{3404A350-4515-4E23-9F87-A4F953182B76}.Release|Any CPU.Build.0 = Release|Any CPU
		{E663FB8C-2B90-48E3-9618-B660A7AB3687}.Debug|Any CPU.ActiveCfg = Debug|Any CPU
		{E663FB8C-2B90-48E3-9618-B660A7AB3687}.Debug|Any CPU.Build.0 = Debug|Any CPU
		{E663FB8C-2B90-48E3-9618-B660A7AB3687}.Release|Any CPU.ActiveCfg = Release|Any CPU
		{E663FB8C-2B90-48E3-9618-B660A7AB3687}.Release|Any CPU.Build.0 = Release|Any CPU
		{110E600C-2CAA-4FF3-9E71-F3B721513765}.Debug|Any CPU.ActiveCfg = Debug|Any CPU
		{110E600C-2CAA-4FF3-9E71-F3B721513765}.Debug|Any CPU.Build.0 = Debug|Any CPU
		{110E600C-2CAA-4FF3-9E71-F3B721513765}.Release|Any CPU.ActiveCfg = Release|Any CPU
		{110E600C-2CAA-4FF3-9E71-F3B721513765}.Release|Any CPU.Build.0 = Release|Any CPU
		{2836EB40-FD72-432D-A844-E0FA8F0018A3}.Debug|Any CPU.ActiveCfg = Debug|Any CPU
		{2836EB40-FD72-432D-A844-E0FA8F0018A3}.Debug|Any CPU.Build.0 = Debug|Any CPU
		{2836EB40-FD72-432D-A844-E0FA8F0018A3}.Release|Any CPU.ActiveCfg = Release|Any CPU
		{2836EB40-FD72-432D-A844-E0FA8F0018A3}.Release|Any CPU.Build.0 = Release|Any CPU
		{A0FF532E-EBAA-4019-B9DC-5325F8B9732B}.Debug|Any CPU.ActiveCfg = Debug|Any CPU
		{A0FF532E-EBAA-4019-B9DC-5325F8B9732B}.Debug|Any CPU.Build.0 = Debug|Any CPU
		{A0FF532E-EBAA-4019-B9DC-5325F8B9732B}.Release|Any CPU.ActiveCfg = Release|Any CPU
		{A0FF532E-EBAA-4019-B9DC-5325F8B9732B}.Release|Any CPU.Build.0 = Release|Any CPU
	EndGlobalSection
	GlobalSection(NestedProjects) = preSolution
		{A0FF532E-EBAA-4019-B9DC-5325F8B9732B} = {A8470E3B-CB05-4B65-9AD8-02C8D51AD34F}
		{E663FB8C-2B90-48E3-9618-B660A7AB3687} = {BEC99308-CE82-4F54-A69E-42376195B6FA}
		{3404A350-4515-4E23-9F87-A4F953182B76} = {BEC99308-CE82-4F54-A69E-42376195B6FA}
		{110E600C-2CAA-4FF3-9E71-F3B721513765} = {BEC99308-CE82-4F54-A69E-42376195B6FA}
		{2836EB40-FD72-432D-A844-E0FA8F0018A3} = {BEC99308-CE82-4F54-A69E-42376195B6FA}
		{3AE25219-E713-4DD0-BFB1-186E58C79BD2} = {BEC99308-CE82-4F54-A69E-42376195B6FA}
	EndGlobalSection
EndGlobal
